
Microsoft Visual Studio Solution File, Format Version 12.00
# Visual Studio Version 16
VisualStudioVersion = 16.0.30011.22
MinimumVisualStudioVersion = 10.0.40219.1
Project("{FAE04EC0-301F-11D3-BF4B-00C04F79EFBC}") = "ADONETWithSqlServerMVCApp", "ADONETWithSqlServerMVCApp\ADONETWithSqlServerMVCApp.csproj", "{A9F5785D-8100-4560-A857-5319AFD710EA}"
EndProject
Global
	GlobalSection(SolutionConfigurationPlatforms) = preSolution
		Debug|Any CPU = Debug|Any CPU
		Release|Any CPU = Release|Any CPU
	EndGlobalSection
	GlobalSection(ProjectConfigurationPlatforms) = postSolution
		{A9F5785D-8100-4560-A857-5319AFD710EA}.Debug|Any CPU.ActiveCfg = Debug|Any CPU
		{A9F5785D-8100-4560-A857-5319AFD710EA}.Debug|Any CPU.Build.0 = Debug|Any CPU
		{A9F5785D-8100-4560-A857-5319AFD710EA}.Release|Any CPU.ActiveCfg = Release|Any CPU
		{A9F5785D-8100-4560-A857-5319AFD710EA}.Release|Any CPU.Build.0 = Release|Any CPU
	EndGlobalSection
	GlobalSection(SolutionProperties) = preSolution
		HideSolutionNode = FALSE
	EndGlobalSection
	GlobalSection(ExtensibilityGlobals) = postSolution
		SolutionGuid = {926B42D1-6F56-4767-BFAA-B1648D2D55E4}
	EndGlobalSection
EndGlobal
